
Microsoft Visual Studio Solution File, Format Version 12.00
# Visual Studio Version 16
VisualStudioVersion = 16.0.33920.266
MinimumVisualStudioVersion = 10.0.40219.1
Project("{FAE04EC0-301F-11D3-BF4B-00C04F79EFBC}") = "validation", "validation\validation.csproj", "{8EF4A113-FCA7-4161-B11D-BEAB4FE7B0C4}"
EndProject
Global
	GlobalSection(SolutionConfigurationPlatforms) = preSolution
		Debug|Any CPU = Debug|Any CPU
		Release|Any CPU = Release|Any CPU
	EndGlobalSection
	GlobalSection(ProjectConfigurationPlatforms) = postSolution
		{8EF4A113-FCA7-4161-B11D-BEAB4FE7B0C4}.Debug|Any CPU.ActiveCfg = Debug|Any CPU
		{8EF4A113-FCA7-4161-B11D-BEAB4FE7B0C4}.Debug|Any CPU.Build.0 = Debug|Any CPU
		{8EF4A113-FCA7-4161-B11D-BEAB4FE7B0C4}.Release|Any CPU.ActiveCfg = Release|Any CPU
		{8EF4A113-FCA7-4161-B11D-BEAB4FE7B0C4}.Release|Any CPU.Build.0 = Release|Any CPU
	EndGlobalSection
	GlobalSection(SolutionProperties) = preSolution
		HideSolutionNode = FALSE
	EndGlobalSection
	GlobalSection(ExtensibilityGlobals) = postSolution
		SolutionGuid = {7C50A3E0-603E-4457-AEC8-EC7EBFE85A8F}
	EndGlobalSection
EndGlobal
