
Microsoft Visual Studio Solution File, Format Version 12.00
# Visual Studio Version 16
VisualStudioVersion = 16.0.33920.266
MinimumVisualStudioVersion = 10.0.40219.1
Project("{FAE04EC0-301F-11D3-BF4B-00C04F79EFBC}") = "OLXCHAT3", "OLXCHAT3\OLXCHAT3.csproj", "{560E74AF-BC66-4A92-AE04-5BE945084485}"
EndProject
Project("{FAE04EC0-301F-11D3-BF4B-00C04F79EFBC}") = "chatdb", "chatdb\chatdb.csproj", "{28291516-377E-42AB-8886-0C98A3E2994E}"
EndProject
Global
	GlobalSection(SolutionConfigurationPlatforms) = preSolution
		Debug|Any CPU = Debug|Any CPU
		Release|Any CPU = Release|Any CPU
	EndGlobalSection
	GlobalSection(ProjectConfigurationPlatforms) = postSolution
		{560E74AF-BC66-4A92-AE04-5BE945084485}.Debug|Any CPU.ActiveCfg = Debug|Any CPU
		{560E74AF-BC66-4A92-AE04-5BE945084485}.Debug|Any CPU.Build.0 = Debug|Any CPU
		{560E74AF-BC66-4A92-AE04-5BE945084485}.Release|Any CPU.ActiveCfg = Release|Any CPU
		{560E74AF-BC66-4A92-AE04-5BE945084485}.Release|Any CPU.Build.0 = Release|Any CPU
		{28291516-377E-42AB-8886-0C98A3E2994E}.Debug|Any CPU.ActiveCfg = Debug|Any CPU
		{28291516-377E-42AB-8886-0C98A3E2994E}.Debug|Any CPU.Build.0 = Debug|Any CPU
		{28291516-377E-42AB-8886-0C98A3E2994E}.Release|Any CPU.ActiveCfg = Release|Any CPU
		{28291516-377E-42AB-8886-0C98A3E2994E}.Release|Any CPU.Build.0 = Release|Any CPU
	EndGlobalSection
	GlobalSection(SolutionProperties) = preSolution
		HideSolutionNode = FALSE
	EndGlobalSection
	GlobalSection(ExtensibilityGlobals) = postSolution
		SolutionGuid = {8247F6E5-AA8F-4A56-A36C-FAB893A79130}
	EndGlobalSection
EndGlobal
