
Microsoft Visual Studio Solution File, Format Version 12.00
# Visual Studio Version 16
VisualStudioVersion = 16.0.33920.266
MinimumVisualStudioVersion = 10.0.40219.1
Project("{FAE04EC0-301F-11D3-BF4B-00C04F79EFBC}") = "HelperClass", "HelperClass\HelperClass.csproj", "{0B4D8439-F14C-4DC8-BCE1-4D2E6C059CBF}"
EndProject
Global
	GlobalSection(SolutionConfigurationPlatforms) = preSolution
		Debug|Any CPU = Debug|Any CPU
		Release|Any CPU = Release|Any CPU
	EndGlobalSection
	GlobalSection(ProjectConfigurationPlatforms) = postSolution
		{0B4D8439-F14C-4DC8-BCE1-4D2E6C059CBF}.Debug|Any CPU.ActiveCfg = Debug|Any CPU
		{0B4D8439-F14C-4DC8-BCE1-4D2E6C059CBF}.Debug|Any CPU.Build.0 = Debug|Any CPU
		{0B4D8439-F14C-4DC8-BCE1-4D2E6C059CBF}.Release|Any CPU.ActiveCfg = Release|Any CPU
		{0B4D8439-F14C-4DC8-BCE1-4D2E6C059CBF}.Release|Any CPU.Build.0 = Release|Any CPU
	EndGlobalSection
	GlobalSection(SolutionProperties) = preSolution
		HideSolutionNode = FALSE
	EndGlobalSection
	GlobalSection(ExtensibilityGlobals) = postSolution
		SolutionGuid = {7BDAEDFE-8040-4B19-9724-15C6173F07EE}
	EndGlobalSection
EndGlobal
