
Microsoft Visual Studio Solution File, Format Version 12.00
# Visual Studio Version 16
VisualStudioVersion = 16.0.33920.266
MinimumVisualStudioVersion = 10.0.40219.1
Project("{FAE04EC0-301F-11D3-BF4B-00C04F79EFBC}") = "PromptPan", "PromptPan\PromptPan.csproj", "{8D0A9CBA-129C-4600-B903-ED3CB738118E}"
EndProject
Project("{FAE04EC0-301F-11D3-BF4B-00C04F79EFBC}") = "PromptPanModeal", "PromptPanModeal\PromptPanModeal.csproj", "{D0FB1831-29DA-4D59-BA93-FD5E82D9867A}"
EndProject
Project("{FAE04EC0-301F-11D3-BF4B-00C04F79EFBC}") = "PromptPanDataAcess", "PromptPanDataAcess\PromptPanDataAcess.csproj", "{EAA26D87-63A3-463A-AF74-7C7E8E6181B2}"
EndProject
Global
	GlobalSection(SolutionConfigurationPlatforms) = preSolution
		Debug|Any CPU = Debug|Any CPU
		Release|Any CPU = Release|Any CPU
	EndGlobalSection
	GlobalSection(ProjectConfigurationPlatforms) = postSolution
		{8D0A9CBA-129C-4600-B903-ED3CB738118E}.Debug|Any CPU.ActiveCfg = Debug|Any CPU
		{8D0A9CBA-129C-4600-B903-ED3CB738118E}.Debug|Any CPU.Build.0 = Debug|Any CPU
		{8D0A9CBA-129C-4600-B903-ED3CB738118E}.Release|Any CPU.ActiveCfg = Release|Any CPU
		{8D0A9CBA-129C-4600-B903-ED3CB738118E}.Release|Any CPU.Build.0 = Release|Any CPU
		{D0FB1831-29DA-4D59-BA93-FD5E82D9867A}.Debug|Any CPU.ActiveCfg = Debug|Any CPU
		{D0FB1831-29DA-4D59-BA93-FD5E82D9867A}.Debug|Any CPU.Build.0 = Debug|Any CPU
		{D0FB1831-29DA-4D59-BA93-FD5E82D9867A}.Release|Any CPU.ActiveCfg = Release|Any CPU
		{D0FB1831-29DA-4D59-BA93-FD5E82D9867A}.Release|Any CPU.Build.0 = Release|Any CPU
		{EAA26D87-63A3-463A-AF74-7C7E8E6181B2}.Debug|Any CPU.ActiveCfg = Debug|Any CPU
		{EAA26D87-63A3-463A-AF74-7C7E8E6181B2}.Debug|Any CPU.Build.0 = Debug|Any CPU
		{EAA26D87-63A3-463A-AF74-7C7E8E6181B2}.Release|Any CPU.ActiveCfg = Release|Any CPU
		{EAA26D87-63A3-463A-AF74-7C7E8E6181B2}.Release|Any CPU.Build.0 = Release|Any CPU
	EndGlobalSection
	GlobalSection(SolutionProperties) = preSolution
		HideSolutionNode = FALSE
	EndGlobalSection
	GlobalSection(ExtensibilityGlobals) = postSolution
		SolutionGuid = {029A77F4-DBA9-49B7-AAD9-68FFE11067F4}
	EndGlobalSection
EndGlobal
